{
  "originHash" : "2ffff11f85bcb462ea8d75c2e7faba04db8c845d1d38cb134faa0f4ce8cb8fc1",
  "pins" : [
    {
      "identity" : "atomos",
      "kind" : "remoteSourceControl",
      "location" : "https://github.com/leviouwendijk/Atomos.git",
      "state" : {
        "branch" : "master",
        "revision" : "5ffdb160c4913e02214020eb75ac620900cf2914"
      }
    },
    {
      "identity" : "position",
      "kind" : "remoteSourceControl",
      "location" : "https://github.com/leviouwendijk/Position.git",
      "state" : {
        "branch" : "master",
        "revision" : "f4b2a54d00898e52111ac452b851cb00cf9538aa"
      }
    },
    {
      "identity" : "testing",
      "kind" : "remoteSourceControl",
      "location" : "https://github.com/leviouwendijk/Testing.git",
      "state" : {
        "branch" : "master",
        "revision" : "105eecb68c3db99119dff3afeb846b7923abbc85"
      }
    }
  ],
  "version" : 3
}
