{
  "originHash" : "0623c1f0a48c3ea4ad9ad3fc0dd2befe63a92148a2cb073193d00e820bde7bb8",
  "pins" : [
    {
      "identity" : "position",
      "kind" : "remoteSourceControl",
      "location" : "https://github.com/leviouwendijk/Position.git",
      "state" : {
        "branch" : "master",
        "revision" : "c80214283130c1bd4fc1c54dd5f3c574e3e4986c"
      }
    }
  ],
  "version" : 3
}
